// !$*UTF8*$!
{
	archiveVersion = 1;
	classes = {
	};
	objectVersion = 50;
	objects = {

/* Begin PBXBuildFile section */
		FA90703521C42AA100680234 /* WhatToDoLogic.framework in Frameworks */ = {isa = PBXBuildFile; fileRef = FA90702C21C42AA100680234 /* WhatToDoLogic.framework */; };
		FA90703C21C42AA100680234 /* WhatToDoLogicTests.swift in Sources */ = {isa = PBXBuildFile; fileRef = FA90703B21C42AA100680234 /* WhatToDoLogicTests.swift */; };
		FA90703E21C42AA100680234 /* WhatToDoLogic.h in Headers */ = {isa = PBXBuildFile; fileRef = FA90702E21C42AA100680234 /* WhatToDoLogic.h */; settings = {ATTRIBUTES = (Public, ); }; };
		FA90704121C42AA100680234 /* WhatToDoLogic.framework in Frameworks */ = {isa = PBXBuildFile; fileRef = FA90702C21C42AA100680234 /* WhatToDoLogic.framework */; };
		FA90704221C42AA100680234 /* WhatToDoLogic.framework in Embed Frameworks */ = {isa = PBXBuildFile; fileRef = FA90702C21C42AA100680234 /* WhatToDoLogic.framework */; settings = {ATTRIBUTES = (CodeSignOnCopy, RemoveHeadersOnCopy, ); }; };
		FA90704C21C42E5800680234 /* LambdaCore.swift in Sources */ = {isa = PBXBuildFile; fileRef = FA90704B21C42E5800680234 /* LambdaCore.swift */; };
		FA90704E21C42EEB00680234 /* Root.swift in Sources */ = {isa = PBXBuildFile; fileRef = FA90704D21C42EEB00680234 /* Root.swift */; };
		FA90705021C42F1A00680234 /* TodoLogicTests.swift in Sources */ = {isa = PBXBuildFile; fileRef = FA90704F21C42F1A00680234 /* TodoLogicTests.swift */; };
		FA90705621C4319D00680234 /* Todo.swift in Sources */ = {isa = PBXBuildFile; fileRef = FA90705521C4319D00680234 /* Todo.swift */; };
		FAABBF1E21C4372F0097433B /* RootTests.swift in Sources */ = {isa = PBXBuildFile; fileRef = FAABBF1D21C4372F0097433B /* RootTests.swift */; };
		FAABBF2021C43AAB0097433B /* Shell.swift in Sources */ = {isa = PBXBuildFile; fileRef = FAABBF1F21C43AAB0097433B /* Shell.swift */; };
		FAABBF2221C478980097433B /* CreateTodoVC.storyboard in Resources */ = {isa = PBXBuildFile; fileRef = FAABBF2121C478980097433B /* CreateTodoVC.storyboard */; };
		FAABBF2C21C724870097433B /* TodoTVC.swift in Sources */ = {isa = PBXBuildFile; fileRef = FAABBF2B21C724870097433B /* TodoTVC.swift */; };
		FABCD1C821C1EF01009BD3B8 /* AppDelegate.swift in Sources */ = {isa = PBXBuildFile; fileRef = FABCD1C721C1EF01009BD3B8 /* AppDelegate.swift */; };
		FABCD1CA21C1EF01009BD3B8 /* HomeVC.swift in Sources */ = {isa = PBXBuildFile; fileRef = FABCD1C921C1EF01009BD3B8 /* HomeVC.swift */; };
		FABCD1CD21C1EF01009BD3B8 /* HomeVC.storyboard in Resources */ = {isa = PBXBuildFile; fileRef = FABCD1CB21C1EF01009BD3B8 /* HomeVC.storyboard */; };
		FABCD1CF21C1EF04009BD3B8 /* Assets.xcassets in Resources */ = {isa = PBXBuildFile; fileRef = FABCD1CE21C1EF04009BD3B8 /* Assets.xcassets */; };
		FABCD1D221C1EF04009BD3B8 /* LaunchScreen.storyboard in Resources */ = {isa = PBXBuildFile; fileRef = FABCD1D021C1EF04009BD3B8 /* LaunchScreen.storyboard */; };
		FABCD1DD21C1EF04009BD3B8 /* WhatToDoTests.swift in Sources */ = {isa = PBXBuildFile; fileRef = FABCD1DC21C1EF04009BD3B8 /* WhatToDoTests.swift */; };
		FABCD1E821C1EF04009BD3B8 /* WhatToDoUITests.swift in Sources */ = {isa = PBXBuildFile; fileRef = FABCD1E721C1EF04009BD3B8 /* WhatToDoUITests.swift */; };
/* End PBXBuildFile section */

/* Begin PBXContainerItemProxy section */
		FA90703621C42AA100680234 /* PBXContainerItemProxy */ = {
			isa = PBXContainerItemProxy;
			containerPortal = FABCD1BC21C1EF01009BD3B8 /* Project object */;
			proxyType = 1;
			remoteGlobalIDString = FA90702B21C42AA100680234;
			remoteInfo = WhatToDoLogic;
		};
		FA90703821C42AA100680234 /* PBXContainerItemProxy */ = {
			isa = PBXContainerItemProxy;
			containerPortal = FABCD1BC21C1EF01009BD3B8 /* Project object */;
			proxyType = 1;
			remoteGlobalIDString = FABCD1C321C1EF01009BD3B8;
			remoteInfo = WhatToDo;
		};
		FA90703F21C42AA100680234 /* PBXContainerItemProxy */ = {
			isa = PBXContainerItemProxy;
			containerPortal = FABCD1BC21C1EF01009BD3B8 /* Project object */;
			proxyType = 1;
			remoteGlobalIDString = FA90702B21C42AA100680234;
			remoteInfo = WhatToDoLogic;
		};
		FABCD1D921C1EF04009BD3B8 /* PBXContainerItemProxy */ = {
			isa = PBXContainerItemProxy;
			containerPortal = FABCD1BC21C1EF01009BD3B8 /* Project object */;
			proxyType = 1;
			remoteGlobalIDString = FABCD1C321C1EF01009BD3B8;
			remoteInfo = WhatToDo;
		};
		FABCD1E421C1EF04009BD3B8 /* PBXContainerItemProxy */ = {
			isa = PBXContainerItemProxy;
			containerPortal = FABCD1BC21C1EF01009BD3B8 /* Project object */;
			proxyType = 1;
			remoteGlobalIDString = FABCD1C321C1EF01009BD3B8;
			remoteInfo = WhatToDo;
		};
/* End PBXContainerItemProxy section */

/* Begin PBXCopyFilesBuildPhase section */
		FABCD21421C1EF5B009BD3B8 /* Embed Frameworks */ = {
			isa = PBXCopyFilesBuildPhase;
			buildActionMask = 2147483647;
			dstPath = "";
			dstSubfolderSpec = 10;
			files = (
				FA90704221C42AA100680234 /* WhatToDoLogic.framework in Embed Frameworks */,
			);
			name = "Embed Frameworks";
			runOnlyForDeploymentPostprocessing = 0;
		};
/* End PBXCopyFilesBuildPhase section */

/* Begin PBXFileReference section */
		FA90702C21C42AA100680234 /* WhatToDoLogic.framework */ = {isa = PBXFileReference; explicitFileType = wrapper.framework; includeInIndex = 0; path = WhatToDoLogic.framework; sourceTree = BUILT_PRODUCTS_DIR; };
		FA90702E21C42AA100680234 /* WhatToDoLogic.h */ = {isa = PBXFileReference; lastKnownFileType = sourcecode.c.h; path = WhatToDoLogic.h; sourceTree = "<group>"; };
		FA90702F21C42AA100680234 /* Info.plist */ = {isa = PBXFileReference; lastKnownFileType = text.plist.xml; path = Info.plist; sourceTree = "<group>"; };
		FA90703421C42AA100680234 /* WhatToDoLogicTests.xctest */ = {isa = PBXFileReference; explicitFileType = wrapper.cfbundle; includeInIndex = 0; path = WhatToDoLogicTests.xctest; sourceTree = BUILT_PRODUCTS_DIR; };
		FA90703B21C42AA100680234 /* WhatToDoLogicTests.swift */ = {isa = PBXFileReference; lastKnownFileType = sourcecode.swift; path = WhatToDoLogicTests.swift; sourceTree = "<group>"; };
		FA90703D21C42AA100680234 /* Info.plist */ = {isa = PBXFileReference; lastKnownFileType = text.plist.xml; path = Info.plist; sourceTree = "<group>"; };
		FA90704B21C42E5800680234 /* LambdaCore.swift */ = {isa = PBXFileReference; fileEncoding = 4; lastKnownFileType = sourcecode.swift; path = LambdaCore.swift; sourceTree = "<group>"; };
		FA90704D21C42EEB00680234 /* Root.swift */ = {isa = PBXFileReference; lastKnownFileType = sourcecode.swift; path = Root.swift; sourceTree = "<group>"; };
		FA90704F21C42F1A00680234 /* TodoLogicTests.swift */ = {isa = PBXFileReference; lastKnownFileType = sourcecode.swift; path = TodoLogicTests.swift; sourceTree = "<group>"; };
		FA90705521C4319D00680234 /* Todo.swift */ = {isa = PBXFileReference; lastKnownFileType = sourcecode.swift; path = Todo.swift; sourceTree = "<group>"; };
		FAABBF1D21C4372F0097433B /* RootTests.swift */ = {isa = PBXFileReference; lastKnownFileType = sourcecode.swift; path = RootTests.swift; sourceTree = "<group>"; };
		FAABBF1F21C43AAB0097433B /* Shell.swift */ = {isa = PBXFileReference; lastKnownFileType = sourcecode.swift; path = Shell.swift; sourceTree = "<group>"; };
		FAABBF2121C478980097433B /* CreateTodoVC.storyboard */ = {isa = PBXFileReference; lastKnownFileType = file.storyboard; path = CreateTodoVC.storyboard; sourceTree = "<group>"; };
		FAABBF2B21C724870097433B /* TodoTVC.swift */ = {isa = PBXFileReference; lastKnownFileType = sourcecode.swift; path = TodoTVC.swift; sourceTree = "<group>"; };
		FABCD1C421C1EF01009BD3B8 /* WhatToDo.app */ = {isa = PBXFileReference; explicitFileType = wrapper.application; includeInIndex = 0; path = WhatToDo.app; sourceTree = BUILT_PRODUCTS_DIR; };
		FABCD1C721C1EF01009BD3B8 /* AppDelegate.swift */ = {isa = PBXFileReference; lastKnownFileType = sourcecode.swift; path = AppDelegate.swift; sourceTree = "<group>"; };
		FABCD1C921C1EF01009BD3B8 /* HomeVC.swift */ = {isa = PBXFileReference; lastKnownFileType = sourcecode.swift; path = HomeVC.swift; sourceTree = "<group>"; };
		FABCD1CC21C1EF01009BD3B8 /* Base */ = {isa = PBXFileReference; lastKnownFileType = file.storyboard; name = Base; path = Base.lproj/HomeVC.storyboard; sourceTree = "<group>"; };
		FABCD1CE21C1EF04009BD3B8 /* Assets.xcassets */ = {isa = PBXFileReference; lastKnownFileType = folder.assetcatalog; path = Assets.xcassets; sourceTree = "<group>"; };
		FABCD1D121C1EF04009BD3B8 /* Base */ = {isa = PBXFileReference; lastKnownFileType = file.storyboard; name = Base; path = Base.lproj/LaunchScreen.storyboard; sourceTree = "<group>"; };
		FABCD1D321C1EF04009BD3B8 /* Info.plist */ = {isa = PBXFileReference; lastKnownFileType = text.plist.xml; path = Info.plist; sourceTree = "<group>"; };
		FABCD1D821C1EF04009BD3B8 /* WhatToDoTests.xctest */ = {isa = PBXFileReference; explicitFileType = wrapper.cfbundle; includeInIndex = 0; path = WhatToDoTests.xctest; sourceTree = BUILT_PRODUCTS_DIR; };
		FABCD1DC21C1EF04009BD3B8 /* WhatToDoTests.swift */ = {isa = PBXFileReference; lastKnownFileType = sourcecode.swift; path = WhatToDoTests.swift; sourceTree = "<group>"; };
		FABCD1DE21C1EF04009BD3B8 /* Info.plist */ = {isa = PBXFileReference; lastKnownFileType = text.plist.xml; path = Info.plist; sourceTree = "<group>"; };
		FABCD1E321C1EF04009BD3B8 /* WhatToDoUITests.xctest */ = {isa = PBXFileReference; explicitFileType = wrapper.cfbundle; includeInIndex = 0; path = WhatToDoUITests.xctest; sourceTree = BUILT_PRODUCTS_DIR; };
		FABCD1E721C1EF04009BD3B8 /* WhatToDoUITests.swift */ = {isa = PBXFileReference; lastKnownFileType = sourcecode.swift; path = WhatToDoUITests.swift; sourceTree = "<group>"; };
		FABCD1E921C1EF04009BD3B8 /* Info.plist */ = {isa = PBXFileReference; lastKnownFileType = text.plist.xml; path = Info.plist; sourceTree = "<group>"; };
/* End PBXFileReference section */

/* Begin PBXFrameworksBuildPhase section */
		FA90702921C42AA100680234 /* Frameworks */ = {
			isa = PBXFrameworksBuildPhase;
			buildActionMask = 2147483647;
			files = (
			);
			runOnlyForDeploymentPostprocessing = 0;
		};
		FA90703121C42AA100680234 /* Frameworks */ = {
			isa = PBXFrameworksBuildPhase;
			buildActionMask = 2147483647;
			files = (
				FA90703521C42AA100680234 /* WhatToDoLogic.framework in Frameworks */,
			);
			runOnlyForDeploymentPostprocessing = 0;
		};
		FABCD1C121C1EF01009BD3B8 /* Frameworks */ = {
			isa = PBXFrameworksBuildPhase;
			buildActionMask = 2147483647;
			files = (
				FA90704121C42AA100680234 /* WhatToDoLogic.framework in Frameworks */,
			);
			runOnlyForDeploymentPostprocessing = 0;
		};
		FABCD1D521C1EF04009BD3B8 /* Frameworks */ = {
			isa = PBXFrameworksBuildPhase;
			buildActionMask = 2147483647;
			files = (
			);
			runOnlyForDeploymentPostprocessing = 0;
		};
		FABCD1E021C1EF04009BD3B8 /* Frameworks */ = {
			isa = PBXFrameworksBuildPhase;
			buildActionMask = 2147483647;
			files = (
			);
			runOnlyForDeploymentPostprocessing = 0;
		};
/* End PBXFrameworksBuildPhase section */

/* Begin PBXGroup section */
		FA90702D21C42AA100680234 /* WhatToDoLogic */ = {
			isa = PBXGroup;
			children = (
				FA90702F21C42AA100680234 /* Info.plist */,
				FA90704D21C42EEB00680234 /* Root.swift */,
				FA90705521C4319D00680234 /* Todo.swift */,
				FA90702E21C42AA100680234 /* WhatToDoLogic.h */,
			);
			path = WhatToDoLogic;
			sourceTree = "<group>";
		};
		FA90703A21C42AA100680234 /* WhatToDoLogicTests */ = {
			isa = PBXGroup;
			children = (
				FA90703D21C42AA100680234 /* Info.plist */,
				FAABBF1D21C4372F0097433B /* RootTests.swift */,
				FA90704F21C42F1A00680234 /* TodoLogicTests.swift */,
				FA90703B21C42AA100680234 /* WhatToDoLogicTests.swift */,
			);
			path = WhatToDoLogicTests;
			sourceTree = "<group>";
		};
		FABCD1BB21C1EF01009BD3B8 = {
			isa = PBXGroup;
			children = (
				FABCD1C621C1EF01009BD3B8 /* WhatToDo */,
				FABCD1DB21C1EF04009BD3B8 /* WhatToDoTests */,
				FABCD1E621C1EF04009BD3B8 /* WhatToDoUITests */,
				FA90702D21C42AA100680234 /* WhatToDoLogic */,
				FA90703A21C42AA100680234 /* WhatToDoLogicTests */,
				FABCD1C521C1EF01009BD3B8 /* Products */,
			);
			sourceTree = "<group>";
		};
		FABCD1C521C1EF01009BD3B8 /* Products */ = {
			isa = PBXGroup;
			children = (
				FABCD1C421C1EF01009BD3B8 /* WhatToDo.app */,
				FABCD1D821C1EF04009BD3B8 /* WhatToDoTests.xctest */,
				FABCD1E321C1EF04009BD3B8 /* WhatToDoUITests.xctest */,
				FA90702C21C42AA100680234 /* WhatToDoLogic.framework */,
				FA90703421C42AA100680234 /* WhatToDoLogicTests.xctest */,
			);
			name = Products;
			sourceTree = "<group>";
		};
		FABCD1C621C1EF01009BD3B8 /* WhatToDo */ = {
			isa = PBXGroup;
			children = (
				FABCD1C721C1EF01009BD3B8 /* AppDelegate.swift */,
				FABCD1CE21C1EF04009BD3B8 /* Assets.xcassets */,
				FAABBF2121C478980097433B /* CreateTodoVC.storyboard */,
				FABCD1CB21C1EF01009BD3B8 /* HomeVC.storyboard */,
				FABCD1C921C1EF01009BD3B8 /* HomeVC.swift */,
				FABCD1D321C1EF04009BD3B8 /* Info.plist */,
				FA90704B21C42E5800680234 /* LambdaCore.swift */,
				FABCD1D021C1EF04009BD3B8 /* LaunchScreen.storyboard */,
				FAABBF1F21C43AAB0097433B /* Shell.swift */,
				FAABBF2B21C724870097433B /* TodoTVC.swift */,
			);
			path = WhatToDo;
			sourceTree = "<group>";
		};
		FABCD1DB21C1EF04009BD3B8 /* WhatToDoTests */ = {
			isa = PBXGroup;
			children = (
				FABCD1DC21C1EF04009BD3B8 /* WhatToDoTests.swift */,
				FABCD1DE21C1EF04009BD3B8 /* Info.plist */,
			);
			path = WhatToDoTests;
			sourceTree = "<group>";
		};
		FABCD1E621C1EF04009BD3B8 /* WhatToDoUITests */ = {
			isa = PBXGroup;
			children = (
				FABCD1E721C1EF04009BD3B8 /* WhatToDoUITests.swift */,
				FABCD1E921C1EF04009BD3B8 /* Info.plist */,
			);
			path = WhatToDoUITests;
			sourceTree = "<group>";
		};
/* End PBXGroup section */

/* Begin PBXHeadersBuildPhase section */
		FA90702721C42AA100680234 /* Headers */ = {
			isa = PBXHeadersBuildPhase;
			buildActionMask = 2147483647;
			files = (
				FA90703E21C42AA100680234 /* WhatToDoLogic.h in Headers */,
			);
			runOnlyForDeploymentPostprocessing = 0;
		};
/* End PBXHeadersBuildPhase section */

/* Begin PBXNativeTarget section */
		FA90702B21C42AA100680234 /* WhatToDoLogic */ = {
			isa = PBXNativeTarget;
			buildConfigurationList = FA90704721C42AA100680234 /* Build configuration list for PBXNativeTarget "WhatToDoLogic" */;
			buildPhases = (
				FA90702721C42AA100680234 /* Headers */,
				FA90702821C42AA100680234 /* Sources */,
				FA90702921C42AA100680234 /* Frameworks */,
				FA90702A21C42AA100680234 /* Resources */,
			);
			buildRules = (
			);
			dependencies = (
			);
			name = WhatToDoLogic;
			productName = WhatToDoLogic;
			productReference = FA90702C21C42AA100680234 /* WhatToDoLogic.framework */;
			productType = "com.apple.product-type.framework";
		};
		FA90703321C42AA100680234 /* WhatToDoLogicTests */ = {
			isa = PBXNativeTarget;
			buildConfigurationList = FA90704821C42AA100680234 /* Build configuration list for PBXNativeTarget "WhatToDoLogicTests" */;
			buildPhases = (
				FA90703021C42AA100680234 /* Sources */,
				FA90703121C42AA100680234 /* Frameworks */,
				FA90703221C42AA100680234 /* Resources */,
			);
			buildRules = (
			);
			dependencies = (
				FA90703721C42AA100680234 /* PBXTargetDependency */,
				FA90703921C42AA100680234 /* PBXTargetDependency */,
			);
			name = WhatToDoLogicTests;
			productName = WhatToDoLogicTests;
			productReference = FA90703421C42AA100680234 /* WhatToDoLogicTests.xctest */;
			productType = "com.apple.product-type.bundle.unit-test";
		};
		FABCD1C321C1EF01009BD3B8 /* WhatToDo */ = {
			isa = PBXNativeTarget;
			buildConfigurationList = FABCD1EC21C1EF04009BD3B8 /* Build configuration list for PBXNativeTarget "WhatToDo" */;
			buildPhases = (
				FABCD1C021C1EF01009BD3B8 /* Sources */,
				FABCD1C121C1EF01009BD3B8 /* Frameworks */,
				FABCD1C221C1EF01009BD3B8 /* Resources */,
				FABCD21421C1EF5B009BD3B8 /* Embed Frameworks */,
			);
			buildRules = (
			);
			dependencies = (
				FA90704021C42AA100680234 /* PBXTargetDependency */,
			);
			name = WhatToDo;
			productName = WhatToDo;
			productReference = FABCD1C421C1EF01009BD3B8 /* WhatToDo.app */;
			productType = "com.apple.product-type.application";
		};
		FABCD1D721C1EF04009BD3B8 /* WhatToDoTests */ = {
			isa = PBXNativeTarget;
			buildConfigurationList = FABCD1EF21C1EF04009BD3B8 /* Build configuration list for PBXNativeTarget "WhatToDoTests" */;
			buildPhases = (
				FABCD1D421C1EF04009BD3B8 /* Sources */,
				FABCD1D521C1EF04009BD3B8 /* Frameworks */,
				FABCD1D621C1EF04009BD3B8 /* Resources */,
			);
			buildRules = (
			);
			dependencies = (
				FABCD1DA21C1EF04009BD3B8 /* PBXTargetDependency */,
			);
			name = WhatToDoTests;
			productName = WhatToDoTests;
			productReference = FABCD1D821C1EF04009BD3B8 /* WhatToDoTests.xctest */;
			productType = "com.apple.product-type.bundle.unit-test";
		};
		FABCD1E221C1EF04009BD3B8 /* WhatToDoUITests */ = {
			isa = PBXNativeTarget;
			buildConfigurationList = FABCD1F221C1EF04009BD3B8 /* Build configuration list for PBXNativeTarget "WhatToDoUITests" */;
			buildPhases = (
				FABCD1DF21C1EF04009BD3B8 /* Sources */,
				FABCD1E021C1EF04009BD3B8 /* Frameworks */,
				FABCD1E121C1EF04009BD3B8 /* Resources */,
			);
			buildRules = (
			);
			dependencies = (
				FABCD1E521C1EF04009BD3B8 /* PBXTargetDependency */,
			);
			name = WhatToDoUITests;
			productName = WhatToDoUITests;
			productReference = FABCD1E321C1EF04009BD3B8 /* WhatToDoUITests.xctest */;
			productType = "com.apple.product-type.bundle.ui-testing";
		};
/* End PBXNativeTarget section */

/* Begin PBXProject section */
		FABCD1BC21C1EF01009BD3B8 /* Project object */ = {
			isa = PBXProject;
			attributes = {
				LastSwiftUpdateCheck = 1010;
				LastUpgradeCheck = 1010;
				ORGANIZATIONNAME = Alex;
				TargetAttributes = {
					FA90702B21C42AA100680234 = {
						CreatedOnToolsVersion = 10.1;
						LastSwiftMigration = 1010;
					};
					FA90703321C42AA100680234 = {
						CreatedOnToolsVersion = 10.1;
					};
					FABCD1C321C1EF01009BD3B8 = {
						CreatedOnToolsVersion = 10.1;
					};
					FABCD1D721C1EF04009BD3B8 = {
						CreatedOnToolsVersion = 10.1;
						TestTargetID = FABCD1C321C1EF01009BD3B8;
					};
					FABCD1E221C1EF04009BD3B8 = {
						CreatedOnToolsVersion = 10.1;
						TestTargetID = FABCD1C321C1EF01009BD3B8;
					};
				};
			};
			buildConfigurationList = FABCD1BF21C1EF01009BD3B8 /* Build configuration list for PBXProject "WhatToDo" */;
			compatibilityVersion = "Xcode 9.3";
			developmentRegion = en;
			hasScannedForEncodings = 0;
			knownRegions = (
				en,
				Base,
			);
			mainGroup = FABCD1BB21C1EF01009BD3B8;
			productRefGroup = FABCD1C521C1EF01009BD3B8 /* Products */;
			projectDirPath = "";
			projectRoot = "";
			targets = (
				FABCD1C321C1EF01009BD3B8 /* WhatToDo */,
				FABCD1D721C1EF04009BD3B8 /* WhatToDoTests */,
				FABCD1E221C1EF04009BD3B8 /* WhatToDoUITests */,
				FA90702B21C42AA100680234 /* WhatToDoLogic */,
				FA90703321C42AA100680234 /* WhatToDoLogicTests */,
			);
		};
/* End PBXProject section */

/* Begin PBXResourcesBuildPhase section */
		FA90702A21C42AA100680234 /* Resources */ = {
			isa = PBXResourcesBuildPhase;
			buildActionMask = 2147483647;
			files = (
			);
			runOnlyForDeploymentPostprocessing = 0;
		};
		FA90703221C42AA100680234 /* Resources */ = {
			isa = PBXResourcesBuildPhase;
			buildActionMask = 2147483647;
			files = (
			);
			runOnlyForDeploymentPostprocessing = 0;
		};
		FABCD1C221C1EF01009BD3B8 /* Resources */ = {
			isa = PBXResourcesBuildPhase;
			buildActionMask = 2147483647;
			files = (
				FABCD1D221C1EF04009BD3B8 /* LaunchScreen.storyboard in Resources */,
				FAABBF2221C478980097433B /* CreateTodoVC.storyboard in Resources */,
				FABCD1CF21C1EF04009BD3B8 /* Assets.xcassets in Resources */,
				FABCD1CD21C1EF01009BD3B8 /* HomeVC.storyboard in Resources */,
			);
			runOnlyForDeploymentPostprocessing = 0;
		};
		FABCD1D621C1EF04009BD3B8 /* Resources */ = {
			isa = PBXResourcesBuildPhase;
			buildActionMask = 2147483647;
			files = (
			);
			runOnlyForDeploymentPostprocessing = 0;
		};
		FABCD1E121C1EF04009BD3B8 /* Resources */ = {
			isa = PBXResourcesBuildPhase;
			buildActionMask = 2147483647;
			files = (
			);
			runOnlyForDeploymentPostprocessing = 0;
		};
/* End PBXResourcesBuildPhase section */

/* Begin PBXSourcesBuildPhase section */
		FA90702821C42AA100680234 /* Sources */ = {
			isa = PBXSourcesBuildPhase;
			buildActionMask = 2147483647;
			files = (
				FA90704E21C42EEB00680234 /* Root.swift in Sources */,
				FA90705621C4319D00680234 /* Todo.swift in Sources */,
			);
			runOnlyForDeploymentPostprocessing = 0;
		};
		FA90703021C42AA100680234 /* Sources */ = {
			isa = PBXSourcesBuildPhase;
			buildActionMask = 2147483647;
			files = (
				FA90705021C42F1A00680234 /* TodoLogicTests.swift in Sources */,
				FAABBF1E21C4372F0097433B /* RootTests.swift in Sources */,
				FA90703C21C42AA100680234 /* WhatToDoLogicTests.swift in Sources */,
			);
			runOnlyForDeploymentPostprocessing = 0;
		};
		FABCD1C021C1EF01009BD3B8 /* Sources */ = {
			isa = PBXSourcesBuildPhase;
			buildActionMask = 2147483647;
			files = (
				FABCD1CA21C1EF01009BD3B8 /* HomeVC.swift in Sources */,
				FA90704C21C42E5800680234 /* LambdaCore.swift in Sources */,
				FAABBF2021C43AAB0097433B /* Shell.swift in Sources */,
				FAABBF2C21C724870097433B /* TodoTVC.swift in Sources */,
				FABCD1C821C1EF01009BD3B8 /* AppDelegate.swift in Sources */,
			);
			runOnlyForDeploymentPostprocessing = 0;
		};
		FABCD1D421C1EF04009BD3B8 /* Sources */ = {
			isa = PBXSourcesBuildPhase;
			buildActionMask = 2147483647;
			files = (
				FABCD1DD21C1EF04009BD3B8 /* WhatToDoTests.swift in Sources */,
			);
			runOnlyForDeploymentPostprocessing = 0;
		};
		FABCD1DF21C1EF04009BD3B8 /* Sources */ = {
			isa = PBXSourcesBuildPhase;
			buildActionMask = 2147483647;
			files = (
				FABCD1E821C1EF04009BD3B8 /* WhatToDoUITests.swift in Sources */,
			);
			runOnlyForDeploymentPostprocessing = 0;
		};
/* End PBXSourcesBuildPhase section */

/* Begin PBXTargetDependency section */
		FA90703721C42AA100680234 /* PBXTargetDependency */ = {
			isa = PBXTargetDependency;
			target = FA90702B21C42AA100680234 /* WhatToDoLogic */;
			targetProxy = FA90703621C42AA100680234 /* PBXContainerItemProxy */;
		};
		FA90703921C42AA100680234 /* PBXTargetDependency */ = {
			isa = PBXTargetDependency;
			target = FABCD1C321C1EF01009BD3B8 /* WhatToDo */;
			targetProxy = FA90703821C42AA100680234 /* PBXContainerItemProxy */;
		};
		FA90704021C42AA100680234 /* PBXTargetDependency */ = {
			isa = PBXTargetDependency;
			target = FA90702B21C42AA100680234 /* WhatToDoLogic */;
			targetProxy = FA90703F21C42AA100680234 /* PBXContainerItemProxy */;
		};
		FABCD1DA21C1EF04009BD3B8 /* PBXTargetDependency */ = {
			isa = PBXTargetDependency;
			target = FABCD1C321C1EF01009BD3B8 /* WhatToDo */;
			targetProxy = FABCD1D921C1EF04009BD3B8 /* PBXContainerItemProxy */;
		};
		FABCD1E521C1EF04009BD3B8 /* PBXTargetDependency */ = {
			isa = PBXTargetDependency;
			target = FABCD1C321C1EF01009BD3B8 /* WhatToDo */;
			targetProxy = FABCD1E421C1EF04009BD3B8 /* PBXContainerItemProxy */;
		};
/* End PBXTargetDependency section */

/* Begin PBXVariantGroup section */
		FABCD1CB21C1EF01009BD3B8 /* HomeVC.storyboard */ = {
			isa = PBXVariantGroup;
			children = (
				FABCD1CC21C1EF01009BD3B8 /* Base */,
			);
			name = HomeVC.storyboard;
			sourceTree = "<group>";
		};
		FABCD1D021C1EF04009BD3B8 /* LaunchScreen.storyboard */ = {
			isa = PBXVariantGroup;
			children = (
				FABCD1D121C1EF04009BD3B8 /* Base */,
			);
			name = LaunchScreen.storyboard;
			sourceTree = "<group>";
		};
/* End PBXVariantGroup section */

/* Begin XCBuildConfiguration section */
		FA90704321C42AA100680234 /* Debug */ = {
			isa = XCBuildConfiguration;
			buildSettings = {
				CLANG_ENABLE_MODULES = YES;
				CODE_SIGN_IDENTITY = "";
				CODE_SIGN_STYLE = Automatic;
				CURRENT_PROJECT_VERSION = 1;
				DEFINES_MODULE = YES;
				DYLIB_COMPATIBILITY_VERSION = 1;
				DYLIB_CURRENT_VERSION = 1;
				DYLIB_INSTALL_NAME_BASE = "@rpath";
				INFOPLIST_FILE = WhatToDoLogic/Info.plist;
				INSTALL_PATH = "$(LOCAL_LIBRARY_DIR)/Frameworks";
				LD_RUNPATH_SEARCH_PATHS = (
					"$(inherited)",
					"@executable_path/Frameworks",
					"@loader_path/Frameworks",
				);
				PRODUCT_BUNDLE_IDENTIFIER = com.amwzero.WhatToDoLogic;
				PRODUCT_NAME = "$(TARGET_NAME:c99extidentifier)";
				SKIP_INSTALL = YES;
				SWIFT_OPTIMIZATION_LEVEL = "-Onone";
				SWIFT_VERSION = 4.2;
				TARGETED_DEVICE_FAMILY = "1,2";
				VERSIONING_SYSTEM = "apple-generic";
				VERSION_INFO_PREFIX = "";
			};
			name = Debug;
		};
		FA90704421C42AA100680234 /* Release */ = {
			isa = XCBuildConfiguration;
			buildSettings = {
				CLANG_ENABLE_MODULES = YES;
				CODE_SIGN_IDENTITY = "";
				CODE_SIGN_STYLE = Automatic;
				CURRENT_PROJECT_VERSION = 1;
				DEFINES_MODULE = YES;
				DYLIB_COMPATIBILITY_VERSION = 1;
				DYLIB_CURRENT_VERSION = 1;
				DYLIB_INSTALL_NAME_BASE = "@rpath";
				INFOPLIST_FILE = WhatToDoLogic/Info.plist;
				INSTALL_PATH = "$(LOCAL_LIBRARY_DIR)/Frameworks";
				LD_RUNPATH_SEARCH_PATHS = (
					"$(inherited)",
					"@executable_path/Frameworks",
					"@loader_path/Frameworks",
				);
				PRODUCT_BUNDLE_IDENTIFIER = com.amwzero.WhatToDoLogic;
				PRODUCT_NAME = "$(TARGET_NAME:c99extidentifier)";
				SKIP_INSTALL = YES;
				SWIFT_VERSION = 4.2;
				TARGETED_DEVICE_FAMILY = "1,2";
				VERSIONING_SYSTEM = "apple-generic";
				VERSION_INFO_PREFIX = "";
			};
			name = Release;
		};
		FA90704521C42AA100680234 /* Debug */ = {
			isa = XCBuildConfiguration;
			buildSettings = {
				ALWAYS_EMBED_SWIFT_STANDARD_LIBRARIES = YES;
				CODE_SIGN_STYLE = Automatic;
				INFOPLIST_FILE = WhatToDoLogicTests/Info.plist;
				LD_RUNPATH_SEARCH_PATHS = (
					"$(inherited)",
					"@executable_path/Frameworks",
					"@loader_path/Frameworks",
				);
				PRODUCT_BUNDLE_IDENTIFIER = com.amwzero.WhatToDoLogicTests;
				PRODUCT_NAME = "$(TARGET_NAME)";
				SWIFT_VERSION = 4.2;
				TARGETED_DEVICE_FAMILY = "1,2";
			};
			name = Debug;
		};
		FA90704621C42AA100680234 /* Release */ = {
			isa = XCBuildConfiguration;
			buildSettings = {
				ALWAYS_EMBED_SWIFT_STANDARD_LIBRARIES = YES;
				CODE_SIGN_STYLE = Automatic;
				INFOPLIST_FILE = WhatToDoLogicTests/Info.plist;
				LD_RUNPATH_SEARCH_PATHS = (
					"$(inherited)",
					"@executable_path/Frameworks",
					"@loader_path/Frameworks",
				);
				PRODUCT_BUNDLE_IDENTIFIER = com.amwzero.WhatToDoLogicTests;
				PRODUCT_NAME = "$(TARGET_NAME)";
				SWIFT_VERSION = 4.2;
				TARGETED_DEVICE_FAMILY = "1,2";
			};
			name = Release;
		};
		FABCD1EA21C1EF04009BD3B8 /* Debug */ = {
			isa = XCBuildConfiguration;
			buildSettings = {
				ALWAYS_SEARCH_USER_PATHS = NO;
				CLANG_ANALYZER_NONNULL = YES;
				CLANG_ANALYZER_NUMBER_OBJECT_CONVERSION = YES_AGGRESSIVE;
				CLANG_CXX_LANGUAGE_STANDARD = "gnu++14";
				CLANG_CXX_LIBRARY = "libc++";
				CLANG_ENABLE_MODULES = YES;
				CLANG_ENABLE_OBJC_ARC = YES;
				CLANG_ENABLE_OBJC_WEAK = YES;
				CLANG_WARN_BLOCK_CAPTURE_AUTORELEASING = YES;
				CLANG_WARN_BOOL_CONVERSION = YES;
				CLANG_WARN_COMMA = YES;
				CLANG_WARN_CONSTANT_CONVERSION = YES;
				CLANG_WARN_DEPRECATED_OBJC_IMPLEMENTATIONS = YES;
				CLANG_WARN_DIRECT_OBJC_ISA_USAGE = YES_ERROR;
				CLANG_WARN_DOCUMENTATION_COMMENTS = YES;
				CLANG_WARN_EMPTY_BODY = YES;
				CLANG_WARN_ENUM_CONVERSION = YES;
				CLANG_WARN_INFINITE_RECURSION = YES;
				CLANG_WARN_INT_CONVERSION = YES;
				CLANG_WARN_NON_LITERAL_NULL_CONVERSION = YES;
				CLANG_WARN_OBJC_IMPLICIT_RETAIN_SELF = YES;
				CLANG_WARN_OBJC_LITERAL_CONVERSION = YES;
				CLANG_WARN_OBJC_ROOT_CLASS = YES_ERROR;
				CLANG_WARN_RANGE_LOOP_ANALYSIS = YES;
				CLANG_WARN_STRICT_PROTOTYPES = YES;
				CLANG_WARN_SUSPICIOUS_MOVE = YES;
				CLANG_WARN_UNGUARDED_AVAILABILITY = YES_AGGRESSIVE;
				CLANG_WARN_UNREACHABLE_CODE = YES;
				CLANG_WARN__DUPLICATE_METHOD_MATCH = YES;
				CODE_SIGN_IDENTITY = "iPhone Developer";
				COPY_PHASE_STRIP = NO;
				DEBUG_INFORMATION_FORMAT = dwarf;
				ENABLE_STRICT_OBJC_MSGSEND = YES;
				ENABLE_TESTABILITY = YES;
				GCC_C_LANGUAGE_STANDARD = gnu11;
				GCC_DYNAMIC_NO_PIC = NO;
				GCC_NO_COMMON_BLOCKS = YES;
				GCC_OPTIMIZATION_LEVEL = 0;
				GCC_PREPROCESSOR_DEFINITIONS = (
					"DEBUG=1",
					"$(inherited)",
				);
				GCC_WARN_64_TO_32_BIT_CONVERSION = YES;
				GCC_WARN_ABOUT_RETURN_TYPE = YES_ERROR;
				GCC_WARN_UNDECLARED_SELECTOR = YES;
				GCC_WARN_UNINITIALIZED_AUTOS = YES_AGGRESSIVE;
				GCC_WARN_UNUSED_FUNCTION = YES;
				GCC_WARN_UNUSED_VARIABLE = YES;
				IPHONEOS_DEPLOYMENT_TARGET = 12.1;
				MTL_ENABLE_DEBUG_INFO = INCLUDE_SOURCE;
				MTL_FAST_MATH = YES;
				ONLY_ACTIVE_ARCH = YES;
				SDKROOT = iphoneos;
				SWIFT_ACTIVE_COMPILATION_CONDITIONS = DEBUG;
				SWIFT_OPTIMIZATION_LEVEL = "-Onone";
			};
			name = Debug;
		};
		FABCD1EB21C1EF04009BD3B8 /* Release */ = {
			isa = XCBuildConfiguration;
			buildSettings = {
				ALWAYS_SEARCH_USER_PATHS = NO;
				CLANG_ANALYZER_NONNULL = YES;
				CLANG_ANALYZER_NUMBER_OBJECT_CONVERSION = YES_AGGRESSIVE;
				CLANG_CXX_LANGUAGE_STANDARD = "gnu++14";
				CLANG_CXX_LIBRARY = "libc++";
				CLANG_ENABLE_MODULES = YES;
				CLANG_ENABLE_OBJC_ARC = YES;
				CLANG_ENABLE_OBJC_WEAK = YES;
				CLANG_WARN_BLOCK_CAPTURE_AUTORELEASING = YES;
				CLANG_WARN_BOOL_CONVERSION = YES;
				CLANG_WARN_COMMA = YES;
				CLANG_WARN_CONSTANT_CONVERSION = YES;
				CLANG_WARN_DEPRECATED_OBJC_IMPLEMENTATIONS = YES;
				CLANG_WARN_DIRECT_OBJC_ISA_USAGE = YES_ERROR;
				CLANG_WARN_DOCUMENTATION_COMMENTS = YES;
				CLANG_WARN_EMPTY_BODY = YES;
				CLANG_WARN_ENUM_CONVERSION = YES;
				CLANG_WARN_INFINITE_RECURSION = YES;
				CLANG_WARN_INT_CONVERSION = YES;
				CLANG_WARN_NON_LITERAL_NULL_CONVERSION = YES;
				CLANG_WARN_OBJC_IMPLICIT_RETAIN_SELF = YES;
				CLANG_WARN_OBJC_LITERAL_CONVERSION = YES;
				CLANG_WARN_OBJC_ROOT_CLASS = YES_ERROR;
				CLANG_WARN_RANGE_LOOP_ANALYSIS = YES;
				CLANG_WARN_STRICT_PROTOTYPES = YES;
				CLANG_WARN_SUSPICIOUS_MOVE = YES;
				CLANG_WARN_UNGUARDED_AVAILABILITY = YES_AGGRESSIVE;
				CLANG_WARN_UNREACHABLE_CODE = YES;
				CLANG_WARN__DUPLICATE_METHOD_MATCH = YES;
				CODE_SIGN_IDENTITY = "iPhone Developer";
				COPY_PHASE_STRIP = NO;
				DEBUG_INFORMATION_FORMAT = "dwarf-with-dsym";
				ENABLE_NS_ASSERTIONS = NO;
				ENABLE_STRICT_OBJC_MSGSEND = YES;
				GCC_C_LANGUAGE_STANDARD = gnu11;
				GCC_NO_COMMON_BLOCKS = YES;
				GCC_WARN_64_TO_32_BIT_CONVERSION = YES;
				GCC_WARN_ABOUT_RETURN_TYPE = YES_ERROR;
				GCC_WARN_UNDECLARED_SELECTOR = YES;
				GCC_WARN_UNINITIALIZED_AUTOS = YES_AGGRESSIVE;
				GCC_WARN_UNUSED_FUNCTION = YES;
				GCC_WARN_UNUSED_VARIABLE = YES;
				IPHONEOS_DEPLOYMENT_TARGET = 12.1;
				MTL_ENABLE_DEBUG_INFO = NO;
				MTL_FAST_MATH = YES;
				SDKROOT = iphoneos;
				SWIFT_COMPILATION_MODE = wholemodule;
				SWIFT_OPTIMIZATION_LEVEL = "-O";
				VALIDATE_PRODUCT = YES;
			};
			name = Release;
		};
		FABCD1ED21C1EF04009BD3B8 /* Debug */ = {
			isa = XCBuildConfiguration;
			buildSettings = {
				ALWAYS_EMBED_SWIFT_STANDARD_LIBRARIES = YES;
				ASSETCATALOG_COMPILER_APPICON_NAME = AppIcon;
				CODE_SIGN_STYLE = Automatic;
				INFOPLIST_FILE = "$(SRCROOT)/WhatToDo/Info.plist";
				LD_RUNPATH_SEARCH_PATHS = (
					"$(inherited)",
					"@executable_path/Frameworks",
				);
				PRODUCT_BUNDLE_IDENTIFIER = com.amw.WhatToDo;
				PRODUCT_NAME = "$(TARGET_NAME)";
				SWIFT_VERSION = 4.2;
				TARGETED_DEVICE_FAMILY = "1,2";
			};
			name = Debug;
		};
		FABCD1EE21C1EF04009BD3B8 /* Release */ = {
			isa = XCBuildConfiguration;
			buildSettings = {
				ALWAYS_EMBED_SWIFT_STANDARD_LIBRARIES = YES;
				ASSETCATALOG_COMPILER_APPICON_NAME = AppIcon;
				CODE_SIGN_STYLE = Automatic;
				INFOPLIST_FILE = "$(SRCROOT)/WhatToDo/Info.plist";
				LD_RUNPATH_SEARCH_PATHS = (
					"$(inherited)",
					"@executable_path/Frameworks",
				);
				PRODUCT_BUNDLE_IDENTIFIER = com.amw.WhatToDo;
				PRODUCT_NAME = "$(TARGET_NAME)";
				SWIFT_VERSION = 4.2;
				TARGETED_DEVICE_FAMILY = "1,2";
			};
			name = Release;
		};
		FABCD1F021C1EF04009BD3B8 /* Debug */ = {
			isa = XCBuildConfiguration;
			buildSettings = {
				ALWAYS_EMBED_SWIFT_STANDARD_LIBRARIES = YES;
				BUNDLE_LOADER = "$(TEST_HOST)";
				CODE_SIGN_STYLE = Automatic;
				INFOPLIST_FILE = WhatToDoTests/Info.plist;
				LD_RUNPATH_SEARCH_PATHS = (
					"$(inherited)",
					"@executable_path/Frameworks",
					"@loader_path/Frameworks",
				);
				PRODUCT_BUNDLE_IDENTIFIER = com.amw.WhatToDoTests;
				PRODUCT_NAME = "$(TARGET_NAME)";
				SWIFT_VERSION = 4.2;
				TARGETED_DEVICE_FAMILY = "1,2";
				TEST_HOST = "$(BUILT_PRODUCTS_DIR)/WhatToDo.app/WhatToDo";
			};
			name = Debug;
		};
		FABCD1F121C1EF04009BD3B8 /* Release */ = {
			isa = XCBuildConfiguration;
			buildSettings = {
				ALWAYS_EMBED_SWIFT_STANDARD_LIBRARIES = YES;
				BUNDLE_LOADER = "$(TEST_HOST)";
				CODE_SIGN_STYLE = Automatic;
				INFOPLIST_FILE = WhatToDoTests/Info.plist;
				LD_RUNPATH_SEARCH_PATHS = (
					"$(inherited)",
					"@executable_path/Frameworks",
					"@loader_path/Frameworks",
				);
				PRODUCT_BUNDLE_IDENTIFIER = com.amw.WhatToDoTests;
				PRODUCT_NAME = "$(TARGET_NAME)";
				SWIFT_VERSION = 4.2;
				TARGETED_DEVICE_FAMILY = "1,2";
				TEST_HOST = "$(BUILT_PRODUCTS_DIR)/WhatToDo.app/WhatToDo";
			};
			name = Release;
		};
		FABCD1F321C1EF04009BD3B8 /* Debug */ = {
			isa = XCBuildConfiguration;
			buildSettings = {
				ALWAYS_EMBED_SWIFT_STANDARD_LIBRARIES = YES;
				CODE_SIGN_STYLE = Automatic;
				INFOPLIST_FILE = WhatToDoUITests/Info.plist;
				LD_RUNPATH_SEARCH_PATHS = (
					"$(inherited)",
					"@executable_path/Frameworks",
					"@loader_path/Frameworks",
				);
				PRODUCT_BUNDLE_IDENTIFIER = com.amw.WhatToDoUITests;
				PRODUCT_NAME = "$(TARGET_NAME)";
				SWIFT_VERSION = 4.2;
				TARGETED_DEVICE_FAMILY = "1,2";
				TEST_TARGET_NAME = WhatToDo;
			};
			name = Debug;
		};
		FABCD1F421C1EF04009BD3B8 /* Release */ = {
			isa = XCBuildConfiguration;
			buildSettings = {
				ALWAYS_EMBED_SWIFT_STANDARD_LIBRARIES = YES;
				CODE_SIGN_STYLE = Automatic;
				INFOPLIST_FILE = WhatToDoUITests/Info.plist;
				LD_RUNPATH_SEARCH_PATHS = (
					"$(inherited)",
					"@executable_path/Frameworks",
					"@loader_path/Frameworks",
				);
				PRODUCT_BUNDLE_IDENTIFIER = com.amw.WhatToDoUITests;
				PRODUCT_NAME = "$(TARGET_NAME)";
				SWIFT_VERSION = 4.2;
				TARGETED_DEVICE_FAMILY = "1,2";
				TEST_TARGET_NAME = WhatToDo;
			};
			name = Release;
		};
/* End XCBuildConfiguration section */

/* Begin XCConfigurationList section */
		FA90704721C42AA100680234 /* Build configuration list for PBXNativeTarget "WhatToDoLogic" */ = {
			isa = XCConfigurationList;
			buildConfigurations = (
				FA90704321C42AA100680234 /* Debug */,
				FA90704421C42AA100680234 /* Release */,
			);
			defaultConfigurationIsVisible = 0;
			defaultConfigurationName = Release;
		};
		FA90704821C42AA100680234 /* Build configuration list for PBXNativeTarget "WhatToDoLogicTests" */ = {
			isa = XCConfigurationList;
			buildConfigurations = (
				FA90704521C42AA100680234 /* Debug */,
				FA90704621C42AA100680234 /* Release */,
			);
			defaultConfigurationIsVisible = 0;
			defaultConfigurationName = Release;
		};
		FABCD1BF21C1EF01009BD3B8 /* Build configuration list for PBXProject "WhatToDo" */ = {
			isa = XCConfigurationList;
			buildConfigurations = (
				FABCD1EA21C1EF04009BD3B8 /* Debug */,
				FABCD1EB21C1EF04009BD3B8 /* Release */,
			);
			defaultConfigurationIsVisible = 0;
			defaultConfigurationName = Release;
		};
		FABCD1EC21C1EF04009BD3B8 /* Build configuration list for PBXNativeTarget "WhatToDo" */ = {
			isa = XCConfigurationList;
			buildConfigurations = (
				FABCD1ED21C1EF04009BD3B8 /* Debug */,
				FABCD1EE21C1EF04009BD3B8 /* Release */,
			);
			defaultConfigurationIsVisible = 0;
			defaultConfigurationName = Release;
		};
		FABCD1EF21C1EF04009BD3B8 /* Build configuration list for PBXNativeTarget "WhatToDoTests" */ = {
			isa = XCConfigurationList;
			buildConfigurations = (
				FABCD1F021C1EF04009BD3B8 /* Debug */,
				FABCD1F121C1EF04009BD3B8 /* Release */,
			);
			defaultConfigurationIsVisible = 0;
			defaultConfigurationName = Release;
		};
		FABCD1F221C1EF04009BD3B8 /* Build configuration list for PBXNativeTarget "WhatToDoUITests" */ = {
			isa = XCConfigurationList;
			buildConfigurations = (
				FABCD1F321C1EF04009BD3B8 /* Debug */,
				FABCD1F421C1EF04009BD3B8 /* Release */,
			);
			defaultConfigurationIsVisible = 0;
			defaultConfigurationName = Release;
		};
/* End XCConfigurationList section */
	};
	rootObject = FABCD1BC21C1EF01009BD3B8 /* Project object */;
}
